{
  "nodes": {
    "go-vulndb": {
      "flake": false,
      "locked": {
        "lastModified": 1787160105,
        "narHash": "sha256-P3n0KRXAgzfrmv/wCYypoUP83rIKwQfMEa1L9jwBhb8=",
        "owner": "golang",
        "repo": "vulndb",
        "rev": "99a8f501b4f30a63dfc799b18ff03b7e78532e54",
        "type": "github"
      },
      "original": {
        "owner": "golang",
        "repo": "vulndb",
        "type": "github"
      }
    },
    "nixpkgs": {
      "locked": {
        "lastModified": 1781577229,
        "narHash": "sha256-lrp67w8AulE9Ks53n27I45ADSzbOCn4H+CNW1Ck8B+8=",
        "owner": "NixOS",
        "repo": "nixpkgs",
        "rev": "567a49d1913ce81ac6e9582e3553dd90a955875f",
        "type": "github"
      },
      "original": {
        "owner": "NixOS",
        "ref": "nixos-unstable",
        "repo": "nixpkgs",
        "type": "github"
      }
    },
    "root": {
      "inputs": {
        "go-vulndb": "go-vulndb",
        "nixpkgs": "nixpkgs"
      }
    }
  },
  "root": "root",
  "version": 7
}
